
Microsoft Visual Studio Solution File, Format Version 12.00
# Visual Studio Version 16
VisualStudioVersion = 16.0.31702.278
MinimumVisualStudioVersion = 10.0.40219.1
Project("{FAE04EC0-301F-11D3-BF4B-00C04F79EFBC}") = "biteknoEglence", "biteknoEglence\biteknoEglence.csproj", "{780F8254-0D58-41DB-B5AA-3165EAA6D389}"
EndProject
Project("{FAE04EC0-301F-11D3-BF4B-00C04F79EFBC}") = "EntityLayer", "EntityLayer\EntityLayer.csproj", "{0869EA5C-E82A-4AE0-A02F-3223B8EE57F6}"
EndProject
Project("{FAE04EC0-301F-11D3-BF4B-00C04F79EFBC}") = "DataAccessLayer", "DataAccessLayer\DataAccessLayer.csproj", "{228666D9-E9B0-4161-B3B9-A27502F42430}"
EndProject
Project("{FAE04EC0-301F-11D3-BF4B-00C04F79EFBC}") = "BusinessLayer", "BusinessLayer\BusinessLayer.csproj", "{AFB5DA7C-4531-4F43-A6CC-B2DAC8C9769A}"
EndProject
Project("{FAE04EC0-301F-11D3-BF4B-00C04F79EFBC}") = "CoreLayer", "CoreLayer\CoreLayer.csproj", "{FB47CF6E-8BBC-4FB1-821F-460F2A6565D8}"
EndProject
Global
	GlobalSection(SolutionConfigurationPlatforms) = preSolution
		Debug|Any CPU = Debug|Any CPU
		Release|Any CPU = Release|Any CPU
	EndGlobalSection
	GlobalSection(ProjectConfigurationPlatforms) = postSolution
		{780F8254-0D58-41DB-B5AA-3165EAA6D389}.Debug|Any CPU.ActiveCfg = Debug|Any CPU
		{780F8254-0D58-41DB-B5AA-3165EAA6D389}.Debug|Any CPU.Build.0 = Debug|Any CPU
		{780F8254-0D58-41DB-B5AA-3165EAA6D389}.Release|Any CPU.ActiveCfg = Release|Any CPU
		{780F8254-0D58-41DB-B5AA-3165EAA6D389}.Release|Any CPU.Build.0 = Release|Any CPU
		{0869EA5C-E82A-4AE0-A02F-3223B8EE57F6}.Debug|Any CPU.ActiveCfg = Debug|Any CPU
		{0869EA5C-E82A-4AE0-A02F-3223B8EE57F6}.Debug|Any CPU.Build.0 = Debug|Any CPU
		{0869EA5C-E82A-4AE0-A02F-3223B8EE57F6}.Release|Any CPU.ActiveCfg = Release|Any CPU
		{0869EA5C-E82A-4AE0-A02F-3223B8EE57F6}.Release|Any CPU.Build.0 = Release|Any CPU
		{228666D9-E9B0-4161-B3B9-A27502F42430}.Debug|Any CPU.ActiveCfg = Debug|Any CPU
		{228666D9-E9B0-4161-B3B9-A27502F42430}.Debug|Any CPU.Build.0 = Debug|Any CPU
		{228666D9-E9B0-4161-B3B9-A27502F42430}.Release|Any CPU.ActiveCfg = Release|Any CPU
		{228666D9-E9B0-4161-B3B9-A27502F42430}.Release|Any CPU.Build.0 = Release|Any CPU
		{AFB5DA7C-4531-4F43-A6CC-B2DAC8C9769A}.Debug|Any CPU.ActiveCfg = Debug|Any CPU
		{AFB5DA7C-4531-4F43-A6CC-B2DAC8C9769A}.Debug|Any CPU.Build.0 = Debug|Any CPU
		{AFB5DA7C-4531-4F43-A6CC-B2DAC8C9769A}.Release|Any CPU.ActiveCfg = Release|Any CPU
		{AFB5DA7C-4531-4F43-A6CC-B2DAC8C9769A}.Release|Any CPU.Build.0 = Release|Any CPU
		{FB47CF6E-8BBC-4FB1-821F-460F2A6565D8}.Debug|Any CPU.ActiveCfg = Debug|Any CPU
		{FB47CF6E-8BBC-4FB1-821F-460F2A6565D8}.Debug|Any CPU.Build.0 = Debug|Any CPU
		{FB47CF6E-8BBC-4FB1-821F-460F2A6565D8}.Release|Any CPU.ActiveCfg = Release|Any CPU
		{FB47CF6E-8BBC-4FB1-821F-460F2A6565D8}.Release|Any CPU.Build.0 = Release|Any CPU
	EndGlobalSection
	GlobalSection(SolutionProperties) = preSolution
		HideSolutionNode = FALSE
	EndGlobalSection
	GlobalSection(ExtensibilityGlobals) = postSolution
		SolutionGuid = {B8BE609F-162C-405D-B4EC-56EFB00511F7}
	EndGlobalSection
EndGlobal
